
Microsoft Visual Studio Solution File, Format Version 12.00
# Visual Studio Version 17
VisualStudioVersion = 17.8.34330.188
MinimumVisualStudioVersion = 10.0.40219.1
Project("{9A19103F-16F7-4668-BE54-9A1E7A4F7556}") = "Gilde.SchietScore", "Gilde.SchietScore\Gilde.SchietScore\Gilde.SchietScore.csproj", "{BC288604-7EFD-48B3-9344-F74D3DAD3AD7}"
EndProject
Project("{9A19103F-16F7-4668-BE54-9A1E7A4F7556}") = "Gilde.SchietScore.Client", "Gilde.SchietScore\Gilde.SchietScore.Client\Gilde.SchietScore.Client.csproj", "{9DCE09FE-8B8A-47C0-805E-2D4A56CAF5E7}"
EndProject
Global
	GlobalSection(SolutionConfigurationPlatforms) = preSolution
		Debug|Any CPU = Debug|Any CPU
		Release|Any CPU = Release|Any CPU
	EndGlobalSection
	GlobalSection(ProjectConfigurationPlatforms) = postSolution
		{BC288604-7EFD-48B3-9344-F74D3DAD3AD7}.Debug|Any CPU.ActiveCfg = Debug|Any CPU
		{BC288604-7EFD-48B3-9344-F74D3DAD3AD7}.Debug|Any CPU.Build.0 = Debug|Any CPU
		{BC288604-7EFD-48B3-9344-F74D3DAD3AD7}.Release|Any CPU.ActiveCfg = Release|Any CPU
		{BC288604-7EFD-48B3-9344-F74D3DAD3AD7}.Release|Any CPU.Build.0 = Release|Any CPU
		{9DCE09FE-8B8A-47C0-805E-2D4A56CAF5E7}.Debug|Any CPU.ActiveCfg = Debug|Any CPU
		{9DCE09FE-8B8A-47C0-805E-2D4A56CAF5E7}.Debug|Any CPU.Build.0 = Debug|Any CPU
		{9DCE09FE-8B8A-47C0-805E-2D4A56CAF5E7}.Release|Any CPU.ActiveCfg = Release|Any CPU
		{9DCE09FE-8B8A-47C0-805E-2D4A56CAF5E7}.Release|Any CPU.Build.0 = Release|Any CPU
	EndGlobalSection
	GlobalSection(SolutionProperties) = preSolution
		HideSolutionNode = FALSE
	EndGlobalSection
	GlobalSection(ExtensibilityGlobals) = postSolution
		SolutionGuid = {89F1F7AD-70C5-48D2-A103-0ABABF817D23}
	EndGlobalSection
EndGlobal
